// !$*UTF8*$!
{
	archiveVersion = 1;
	classes = {
	};
	objectVersion = 56;
	objects = {

/* Begin PBXBuildFile section */
		3F1E6A632B84A2F300553D32 /* LoginView.swift in Sources */ = {isa = PBXBuildFile; fileRef = 3F1E6A622B84A2F300553D32 /* LoginView.swift */; };
		3F1E6A652B84A32100553D32 /* RegisterView.swift in Sources */ = {isa = PBXBuildFile; fileRef = 3F1E6A642B84A32100553D32 /* RegisterView.swift */; };
		3F1E6A6A2B84A37900553D32 /* MailboxView.swift in Sources */ = {isa = PBXBuildFile; fileRef = 3F1E6A692B84A37900553D32 /* MailboxView.swift */; };
		3F1E6A6C2B84A3C200553D32 /* TopView.swift in Sources */ = {isa = PBXBuildFile; fileRef = 3F1E6A6B2B84A3C200553D32 /* TopView.swift */; };
		3F1E6A6E2B84A3E100553D32 /* BottomView.swift in Sources */ = {isa = PBXBuildFile; fileRef = 3F1E6A6D2B84A3E100553D32 /* BottomView.swift */; };
		3F1E6A6F2B84A45900553D32 /* AuthModel.swift in Sources */ = {isa = PBXBuildFile; fileRef = 3F1E6A5F2B84A2BF00553D32 /* AuthModel.swift */; };
		3F1E6A712B84D09A00553D32 /* EmailModel.swift in Sources */ = {isa = PBXBuildFile; fileRef = 3F1E6A702B84D09A00553D32 /* EmailModel.swift */; };
		3F1E6A732B84D0A400553D32 /* ActionModel.swift in Sources */ = {isa = PBXBuildFile; fileRef = 3F1E6A722B84D0A400553D32 /* ActionModel.swift */; };
		3F1E6A772B85E6CC00553D32 /* OnboardingView.swift in Sources */ = {isa = PBXBuildFile; fileRef = 3F1E6A762B85E6CC00553D32 /* OnboardingView.swift */; };
		3F5804382B90D5F2003D1D82 /* FooterView.swift in Sources */ = {isa = PBXBuildFile; fileRef = 3F5804312B90D5F2003D1D82 /* FooterView.swift */; };
		3F5804392B90D5F2003D1D82 /* FooterClosedButtonsView.swift in Sources */ = {isa = PBXBuildFile; fileRef = 3F5804322B90D5F2003D1D82 /* FooterClosedButtonsView.swift */; };
		3F58043A2B90D5F2003D1D82 /* TitleView.swift in Sources */ = {isa = PBXBuildFile; fileRef = 3F5804332B90D5F2003D1D82 /* TitleView.swift */; };
		3F58043B2B90D5F2003D1D82 /* EmailListItemView.swift in Sources */ = {isa = PBXBuildFile; fileRef = 3F5804342B90D5F2003D1D82 /* EmailListItemView.swift */; };
		3F58043C2B90D5F2003D1D82 /* JeremyEmailView.swift in Sources */ = {isa = PBXBuildFile; fileRef = 3F5804352B90D5F2003D1D82 /* JeremyEmailView.swift */; };
		3F58043D2B90D5F2003D1D82 /* EmailThreadView.swift in Sources */ = {isa = PBXBuildFile; fileRef = 3F5804362B90D5F2003D1D82 /* EmailThreadView.swift */; };
		3F58043E2B90D5F2003D1D82 /* AlirezaEmailView.swift in Sources */ = {isa = PBXBuildFile; fileRef = 3F5804372B90D5F2003D1D82 /* AlirezaEmailView.swift */; };
		3F5804402B90D624003D1D82 /* emails.json in Resources */ = {isa = PBXBuildFile; fileRef = 3F58043F2B90D624003D1D82 /* emails.json */; };
		3F5804472B920227003D1D82 /* LastName.swift in Sources */ = {isa = PBXBuildFile; fileRef = 3F5804412B920227003D1D82 /* LastName.swift */; };
		3F5804482B920227003D1D82 /* Success.swift in Sources */ = {isa = PBXBuildFile; fileRef = 3F5804422B920227003D1D82 /* Success.swift */; };
		3F5804492B920227003D1D82 /* Password.swift in Sources */ = {isa = PBXBuildFile; fileRef = 3F5804432B920227003D1D82 /* Password.swift */; };
		3F58044A2B920227003D1D82 /* FirstName.swift in Sources */ = {isa = PBXBuildFile; fileRef = 3F5804442B920227003D1D82 /* FirstName.swift */; };
		3F58044B2B920227003D1D82 /* ConfirmationCode.swift in Sources */ = {isa = PBXBuildFile; fileRef = 3F5804452B920227003D1D82 /* ConfirmationCode.swift */; };
		3F58044C2B920227003D1D82 /* EmailView.swift in Sources */ = {isa = PBXBuildFile; fileRef = 3F5804462B920227003D1D82 /* EmailView.swift */; };
		3F5804592B9205F3003D1D82 /* RoundedButton.swift in Sources */ = {isa = PBXBuildFile; fileRef = 3F5804552B9205F3003D1D82 /* RoundedButton.swift */; };
		3F58045B2B9205F3003D1D82 /* Input.swift in Sources */ = {isa = PBXBuildFile; fileRef = 3F5804572B9205F3003D1D82 /* Input.swift */; };
		3F58045C2B9205F3003D1D82 /* ProgressBar.swift in Sources */ = {isa = PBXBuildFile; fileRef = 3F5804582B9205F3003D1D82 /* ProgressBar.swift */; };
		3F58045E2B920617003D1D82 /* AdaptsToKeyboard.swift in Sources */ = {isa = PBXBuildFile; fileRef = 3F58045D2B920617003D1D82 /* AdaptsToKeyboard.swift */; };
		3F5804632B926A07003D1D82 /* SplitView.swift in Sources */ = {isa = PBXBuildFile; fileRef = 3F5804622B926A07003D1D82 /* SplitView.swift */; };
		3F5804652B959C65003D1D82 /* Accessories.swift in Sources */ = {isa = PBXBuildFile; fileRef = 3F5804642B959C65003D1D82 /* Accessories.swift */; };
		3F5804672B959C87003D1D82 /* Helpers.swift in Sources */ = {isa = PBXBuildFile; fileRef = 3F5804662B959C87003D1D82 /* Helpers.swift */; };
		3F5804692B959CA5003D1D82 /* Modifiers.swift in Sources */ = {isa = PBXBuildFile; fileRef = 3F5804682B959CA5003D1D82 /* Modifiers.swift */; };
		3F58046B2B959CDB003D1D82 /* SplitDetent.swift in Sources */ = {isa = PBXBuildFile; fileRef = 3F58046A2B959CDB003D1D82 /* SplitDetent.swift */; };
		3F58046D2B959CF1003D1D82 /* VerticalSplit.swift in Sources */ = {isa = PBXBuildFile; fileRef = 3F58046C2B959CF1003D1D82 /* VerticalSplit.swift */; };
		3F58046F2B959D0B003D1D82 /* Wrappers.swift in Sources */ = {isa = PBXBuildFile; fileRef = 3F58046E2B959D0B003D1D82 /* Wrappers.swift */; };
		3F5804712B95A24D003D1D82 /* CardStack.swift in Sources */ = {isa = PBXBuildFile; fileRef = 3F5804702B95A24D003D1D82 /* CardStack.swift */; };
		3F5804732B95A2F6003D1D82 /* CardView.swift in Sources */ = {isa = PBXBuildFile; fileRef = 3F5804722B95A2F6003D1D82 /* CardView.swift */; };
		3FA70EEC2B7B66BC00AF7F4B /* CaleyApp.swift in Sources */ = {isa = PBXBuildFile; fileRef = 3FA70EEB2B7B66BC00AF7F4B /* CaleyApp.swift */; };
		3FA70EEE2B7B66BC00AF7F4B /* ContentView.swift in Sources */ = {isa = PBXBuildFile; fileRef = 3FA70EED2B7B66BC00AF7F4B /* ContentView.swift */; };
		3FA70EF02B7B66BD00AF7F4B /* Assets.xcassets in Resources */ = {isa = PBXBuildFile; fileRef = 3FA70EEF2B7B66BD00AF7F4B /* Assets.xcassets */; };
		3FA70EF42B7B66BD00AF7F4B /* Preview Assets.xcassets in Resources */ = {isa = PBXBuildFile; fileRef = 3FA70EF32B7B66BD00AF7F4B /* Preview Assets.xcassets */; };
		3FA70EFE2B7B66BE00AF7F4B /* CaleyTests.swift in Sources */ = {isa = PBXBuildFile; fileRef = 3FA70EFD2B7B66BE00AF7F4B /* CaleyTests.swift */; };
		3FA70F082B7B66BE00AF7F4B /* CaleyUITests.swift in Sources */ = {isa = PBXBuildFile; fileRef = 3FA70F072B7B66BE00AF7F4B /* CaleyUITests.swift */; };
		3FA70F0A2B7B66BE00AF7F4B /* CaleyUITestsLaunchTests.swift in Sources */ = {isa = PBXBuildFile; fileRef = 3FA70F092B7B66BE00AF7F4B /* CaleyUITestsLaunchTests.swift */; };
/* End PBXBuildFile section */

/* Begin PBXContainerItemProxy section */
		3FA70EFA2B7B66BE00AF7F4B /* PBXContainerItemProxy */ = {
			isa = PBXContainerItemProxy;
			containerPortal = 3FA70EE02B7B66BC00AF7F4B /* Project object */;
			proxyType = 1;
			remoteGlobalIDString = 3FA70EE72B7B66BC00AF7F4B;
			remoteInfo = Caley;
		};
		3FA70F042B7B66BE00AF7F4B /* PBXContainerItemProxy */ = {
			isa = PBXContainerItemProxy;
			containerPortal = 3FA70EE02B7B66BC00AF7F4B /* Project object */;
			proxyType = 1;
			remoteGlobalIDString = 3FA70EE72B7B66BC00AF7F4B;
			remoteInfo = Caley;
		};
/* End PBXContainerItemProxy section */

/* Begin PBXFileReference section */
		3F1E6A5F2B84A2BF00553D32 /* AuthModel.swift */ = {isa = PBXFileReference; lastKnownFileType = sourcecode.swift; path = AuthModel.swift; sourceTree = "<group>"; };
		3F1E6A622B84A2F300553D32 /* LoginView.swift */ = {isa = PBXFileReference; lastKnownFileType = sourcecode.swift; path = LoginView.swift; sourceTree = "<group>"; };
		3F1E6A642B84A32100553D32 /* RegisterView.swift */ = {isa = PBXFileReference; lastKnownFileType = sourcecode.swift; path = RegisterView.swift; sourceTree = "<group>"; };
		3F1E6A692B84A37900553D32 /* MailboxView.swift */ = {isa = PBXFileReference; lastKnownFileType = sourcecode.swift; path = MailboxView.swift; sourceTree = "<group>"; };
		3F1E6A6B2B84A3C200553D32 /* TopView.swift */ = {isa = PBXFileReference; lastKnownFileType = sourcecode.swift; path = TopView.swift; sourceTree = "<group>"; };
		3F1E6A6D2B84A3E100553D32 /* BottomView.swift */ = {isa = PBXFileReference; lastKnownFileType = sourcecode.swift; path = BottomView.swift; sourceTree = "<group>"; };
		3F1E6A702B84D09A00553D32 /* EmailModel.swift */ = {isa = PBXFileReference; lastKnownFileType = sourcecode.swift; path = EmailModel.swift; sourceTree = "<group>"; };
		3F1E6A722B84D0A400553D32 /* ActionModel.swift */ = {isa = PBXFileReference; lastKnownFileType = sourcecode.swift; path = ActionModel.swift; sourceTree = "<group>"; };
		3F1E6A762B85E6CC00553D32 /* OnboardingView.swift */ = {isa = PBXFileReference; lastKnownFileType = sourcecode.swift; path = OnboardingView.swift; sourceTree = "<group>"; };
		3F5804312B90D5F2003D1D82 /* FooterView.swift */ = {isa = PBXFileReference; fileEncoding = 4; lastKnownFileType = sourcecode.swift; path = FooterView.swift; sourceTree = "<group>"; };
		3F5804322B90D5F2003D1D82 /* FooterClosedButtonsView.swift */ = {isa = PBXFileReference; fileEncoding = 4; lastKnownFileType = sourcecode.swift; path = FooterClosedButtonsView.swift; sourceTree = "<group>"; };
		3F5804332B90D5F2003D1D82 /* TitleView.swift */ = {isa = PBXFileReference; fileEncoding = 4; lastKnownFileType = sourcecode.swift; path = TitleView.swift; sourceTree = "<group>"; };
		3F5804342B90D5F2003D1D82 /* EmailListItemView.swift */ = {isa = PBXFileReference; fileEncoding = 4; lastKnownFileType = sourcecode.swift; path = EmailListItemView.swift; sourceTree = "<group>"; };
		3F5804352B90D5F2003D1D82 /* JeremyEmailView.swift */ = {isa = PBXFileReference; fileEncoding = 4; lastKnownFileType = sourcecode.swift; path = JeremyEmailView.swift; sourceTree = "<group>"; };
		3F5804362B90D5F2003D1D82 /* EmailThreadView.swift */ = {isa = PBXFileReference; fileEncoding = 4; lastKnownFileType = sourcecode.swift; path = EmailThreadView.swift; sourceTree = "<group>"; };
		3F5804372B90D5F2003D1D82 /* AlirezaEmailView.swift */ = {isa = PBXFileReference; fileEncoding = 4; lastKnownFileType = sourcecode.swift; path = AlirezaEmailView.swift; sourceTree = "<group>"; };
		3F58043F2B90D624003D1D82 /* emails.json */ = {isa = PBXFileReference; fileEncoding = 4; lastKnownFileType = text.json; name = emails.json; path = "../../ios-ui/caley-ios/emails.json"; sourceTree = "<group>"; };
		3F5804412B920227003D1D82 /* LastName.swift */ = {isa = PBXFileReference; fileEncoding = 4; lastKnownFileType = sourcecode.swift; name = LastName.swift; path = "../../../../../shyc-ios/Shyc/Auth/SignUp/LastName.swift"; sourceTree = "<group>"; };
		3F5804422B920227003D1D82 /* Success.swift */ = {isa = PBXFileReference; fileEncoding = 4; lastKnownFileType = sourcecode.swift; name = Success.swift; path = "../../../../../shyc-ios/Shyc/Auth/SignUp/Success.swift"; sourceTree = "<group>"; };
		3F5804432B920227003D1D82 /* Password.swift */ = {isa = PBXFileReference; fileEncoding = 4; lastKnownFileType = sourcecode.swift; name = Password.swift; path = "../../../../../shyc-ios/Shyc/Auth/SignUp/Password.swift"; sourceTree = "<group>"; };
		3F5804442B920227003D1D82 /* FirstName.swift */ = {isa = PBXFileReference; fileEncoding = 4; lastKnownFileType = sourcecode.swift; name = FirstName.swift; path = "../../../../../shyc-ios/Shyc/Auth/SignUp/FirstName.swift"; sourceTree = "<group>"; };
		3F5804452B920227003D1D82 /* ConfirmationCode.swift */ = {isa = PBXFileReference; fileEncoding = 4; lastKnownFileType = sourcecode.swift; name = ConfirmationCode.swift; path = "../../../../../shyc-ios/Shyc/Auth/SignUp/ConfirmationCode.swift"; sourceTree = "<group>"; };
		3F5804462B920227003D1D82 /* EmailView.swift */ = {isa = PBXFileReference; fileEncoding = 4; lastKnownFileType = sourcecode.swift; name = EmailView.swift; path = "../../../../../shyc-ios/Shyc/Auth/SignUp/EmailView.swift"; sourceTree = "<group>"; };
		3F5804552B9205F3003D1D82 /* RoundedButton.swift */ = {isa = PBXFileReference; fileEncoding = 4; lastKnownFileType = sourcecode.swift; path = RoundedButton.swift; sourceTree = "<group>"; };
		3F5804572B9205F3003D1D82 /* Input.swift */ = {isa = PBXFileReference; fileEncoding = 4; lastKnownFileType = sourcecode.swift; path = Input.swift; sourceTree = "<group>"; };
		3F5804582B9205F3003D1D82 /* ProgressBar.swift */ = {isa = PBXFileReference; fileEncoding = 4; lastKnownFileType = sourcecode.swift; path = ProgressBar.swift; sourceTree = "<group>"; };
		3F58045D2B920617003D1D82 /* AdaptsToKeyboard.swift */ = {isa = PBXFileReference; fileEncoding = 4; lastKnownFileType = sourcecode.swift; path = AdaptsToKeyboard.swift; sourceTree = "<group>"; };
		3F5804622B926A07003D1D82 /* SplitView.swift */ = {isa = PBXFileReference; lastKnownFileType = sourcecode.swift; path = SplitView.swift; sourceTree = "<group>"; };
		3F5804642B959C65003D1D82 /* Accessories.swift */ = {isa = PBXFileReference; lastKnownFileType = sourcecode.swift; path = Accessories.swift; sourceTree = "<group>"; };
		3F5804662B959C87003D1D82 /* Helpers.swift */ = {isa = PBXFileReference; lastKnownFileType = sourcecode.swift; path = Helpers.swift; sourceTree = "<group>"; };
		3F5804682B959CA5003D1D82 /* Modifiers.swift */ = {isa = PBXFileReference; lastKnownFileType = sourcecode.swift; path = Modifiers.swift; sourceTree = "<group>"; };
		3F58046A2B959CDB003D1D82 /* SplitDetent.swift */ = {isa = PBXFileReference; lastKnownFileType = sourcecode.swift; path = SplitDetent.swift; sourceTree = "<group>"; };
		3F58046C2B959CF1003D1D82 /* VerticalSplit.swift */ = {isa = PBXFileReference; lastKnownFileType = sourcecode.swift; path = VerticalSplit.swift; sourceTree = "<group>"; };
		3F58046E2B959D0B003D1D82 /* Wrappers.swift */ = {isa = PBXFileReference; lastKnownFileType = sourcecode.swift; path = Wrappers.swift; sourceTree = "<group>"; };
		3F5804702B95A24D003D1D82 /* CardStack.swift */ = {isa = PBXFileReference; lastKnownFileType = sourcecode.swift; path = CardStack.swift; sourceTree = "<group>"; };
		3F5804722B95A2F6003D1D82 /* CardView.swift */ = {isa = PBXFileReference; lastKnownFileType = sourcecode.swift; path = CardView.swift; sourceTree = "<group>"; };
		3FA70EE82B7B66BC00AF7F4B /* Caley.app */ = {isa = PBXFileReference; explicitFileType = wrapper.application; includeInIndex = 0; path = Caley.app; sourceTree = BUILT_PRODUCTS_DIR; };
		3FA70EEB2B7B66BC00AF7F4B /* CaleyApp.swift */ = {isa = PBXFileReference; lastKnownFileType = sourcecode.swift; path = CaleyApp.swift; sourceTree = "<group>"; };
		3FA70EED2B7B66BC00AF7F4B /* ContentView.swift */ = {isa = PBXFileReference; lastKnownFileType = sourcecode.swift; path = ContentView.swift; sourceTree = "<group>"; };
		3FA70EEF2B7B66BD00AF7F4B /* Assets.xcassets */ = {isa = PBXFileReference; lastKnownFileType = folder.assetcatalog; path = Assets.xcassets; sourceTree = "<group>"; };
		3FA70EF12B7B66BD00AF7F4B /* Caley.entitlements */ = {isa = PBXFileReference; lastKnownFileType = text.plist.entitlements; path = Caley.entitlements; sourceTree = "<group>"; };
		3FA70EF32B7B66BD00AF7F4B /* Preview Assets.xcassets */ = {isa = PBXFileReference; lastKnownFileType = folder.assetcatalog; path = "Preview Assets.xcassets"; sourceTree = "<group>"; };
		3FA70EF92B7B66BE00AF7F4B /* CaleyTests.xctest */ = {isa = PBXFileReference; explicitFileType = wrapper.cfbundle; includeInIndex = 0; path = CaleyTests.xctest; sourceTree = BUILT_PRODUCTS_DIR; };
		3FA70EFD2B7B66BE00AF7F4B /* CaleyTests.swift */ = {isa = PBXFileReference; lastKnownFileType = sourcecode.swift; path = CaleyTests.swift; sourceTree = "<group>"; };
		3FA70F032B7B66BE00AF7F4B /* CaleyUITests.xctest */ = {isa = PBXFileReference; explicitFileType = wrapper.cfbundle; includeInIndex = 0; path = CaleyUITests.xctest; sourceTree = BUILT_PRODUCTS_DIR; };
		3FA70F072B7B66BE00AF7F4B /* CaleyUITests.swift */ = {isa = PBXFileReference; lastKnownFileType = sourcecode.swift; path = CaleyUITests.swift; sourceTree = "<group>"; };
		3FA70F092B7B66BE00AF7F4B /* CaleyUITestsLaunchTests.swift */ = {isa = PBXFileReference; lastKnownFileType = sourcecode.swift; path = CaleyUITestsLaunchTests.swift; sourceTree = "<group>"; };
/* End PBXFileReference section */

/* Begin PBXFrameworksBuildPhase section */
		3FA70EE52B7B66BC00AF7F4B /* Frameworks */ = {
			isa = PBXFrameworksBuildPhase;
			buildActionMask = 2147483647;
			files = (
			);
			runOnlyForDeploymentPostprocessing = 0;
		};
		3FA70EF62B7B66BE00AF7F4B /* Frameworks */ = {
			isa = PBXFrameworksBuildPhase;
			buildActionMask = 2147483647;
			files = (
			);
			runOnlyForDeploymentPostprocessing = 0;
		};
		3FA70F002B7B66BE00AF7F4B /* Frameworks */ = {
			isa = PBXFrameworksBuildPhase;
			buildActionMask = 2147483647;
			files = (
			);
			runOnlyForDeploymentPostprocessing = 0;
		};
/* End PBXFrameworksBuildPhase section */

/* Begin PBXGroup section */
		3F1E6A5E2B84A2B300553D32 /* Authentication */ = {
			isa = PBXGroup;
			children = (
				3F1E6A612B84A2D300553D32 /* Views */,
				3F1E6A602B84A2CA00553D32 /* Models */,
			);
			path = Authentication;
			sourceTree = "<group>";
		};
		3F1E6A602B84A2CA00553D32 /* Models */ = {
			isa = PBXGroup;
			children = (
			);
			path = Models;
			sourceTree = "<group>";
		};
		3F1E6A612B84A2D300553D32 /* Views */ = {
			isa = PBXGroup;
			children = (
				3F5804452B920227003D1D82 /* ConfirmationCode.swift */,
				3F5804462B920227003D1D82 /* EmailView.swift */,
				3F5804442B920227003D1D82 /* FirstName.swift */,
				3F5804412B920227003D1D82 /* LastName.swift */,
				3F5804432B920227003D1D82 /* Password.swift */,
				3F5804422B920227003D1D82 /* Success.swift */,
				3F1E6A622B84A2F300553D32 /* LoginView.swift */,
				3F1E6A642B84A32100553D32 /* RegisterView.swift */,
			);
			path = Views;
			sourceTree = "<group>";
		};
		3F1E6A662B84A35400553D32 /* Home */ = {
			isa = PBXGroup;
			children = (
				3F1E6A682B84A36200553D32 /* Views */,
				3F1E6A672B84A35D00553D32 /* Models */,
			);
			path = Home;
			sourceTree = "<group>";
		};
		3F1E6A672B84A35D00553D32 /* Models */ = {
			isa = PBXGroup;
			children = (
				3F1E6A702B84D09A00553D32 /* EmailModel.swift */,
				3F1E6A722B84D0A400553D32 /* ActionModel.swift */,
			);
			path = Models;
			sourceTree = "<group>";
		};
		3F1E6A682B84A36200553D32 /* Views */ = {
			isa = PBXGroup;
			children = (
				3F1E6A692B84A37900553D32 /* MailboxView.swift */,
				3F1E6A6B2B84A3C200553D32 /* TopView.swift */,
				3F1E6A6D2B84A3E100553D32 /* BottomView.swift */,
				3F5804622B926A07003D1D82 /* SplitView.swift */,
			);
			path = Views;
			sourceTree = "<group>";
		};
		3F1E6A742B85E69A00553D32 /* Onboarding */ = {
			isa = PBXGroup;
			children = (
				3F1E6A752B85E6B100553D32 /* Views */,
			);
			path = Onboarding;
			sourceTree = "<group>";
		};
		3F1E6A752B85E6B100553D32 /* Views */ = {
			isa = PBXGroup;
			children = (
				3F1E6A762B85E6CC00553D32 /* OnboardingView.swift */,
			);
			path = Views;
			sourceTree = "<group>";
		};
		3F1E6A7C2B85E75100553D32 /* utils */ = {
			isa = PBXGroup;
			children = (
			);
			path = utils;
			sourceTree = "<group>";
		};
		3F5804302B90D595003D1D82 /* ui */ = {
			isa = PBXGroup;
			children = (
				3F5804372B90D5F2003D1D82 /* AlirezaEmailView.swift */,
				3F5804342B90D5F2003D1D82 /* EmailListItemView.swift */,
				3F5804362B90D5F2003D1D82 /* EmailThreadView.swift */,
				3F5804322B90D5F2003D1D82 /* FooterClosedButtonsView.swift */,
				3F5804312B90D5F2003D1D82 /* FooterView.swift */,
				3F5804352B90D5F2003D1D82 /* JeremyEmailView.swift */,
				3F5804572B9205F3003D1D82 /* Input.swift */,
				3F5804582B9205F3003D1D82 /* ProgressBar.swift */,
				3F5804552B9205F3003D1D82 /* RoundedButton.swift */,
				3F58045D2B920617003D1D82 /* AdaptsToKeyboard.swift */,
				3F5804332B90D5F2003D1D82 /* TitleView.swift */,
				3F5804642B959C65003D1D82 /* Accessories.swift */,
				3F5804662B959C87003D1D82 /* Helpers.swift */,
				3F5804682B959CA5003D1D82 /* Modifiers.swift */,
				3F58046A2B959CDB003D1D82 /* SplitDetent.swift */,
				3F58046C2B959CF1003D1D82 /* VerticalSplit.swift */,
				3F58046E2B959D0B003D1D82 /* Wrappers.swift */,
				3F5804702B95A24D003D1D82 /* CardStack.swift */,
				3F5804722B95A2F6003D1D82 /* CardView.swift */,
			);
			path = ui;
			sourceTree = "<group>";
		};
		3FA70EDF2B7B66BC00AF7F4B = {
			isa = PBXGroup;
			children = (
				3FA70EEA2B7B66BC00AF7F4B /* Caley */,
				3FA70EFC2B7B66BE00AF7F4B /* CaleyTests */,
				3FA70F062B7B66BE00AF7F4B /* CaleyUITests */,
				3FA70EE92B7B66BC00AF7F4B /* Products */,
			);
			sourceTree = "<group>";
		};
		3FA70EE92B7B66BC00AF7F4B /* Products */ = {
			isa = PBXGroup;
			children = (
				3FA70EE82B7B66BC00AF7F4B /* Caley.app */,
				3FA70EF92B7B66BE00AF7F4B /* CaleyTests.xctest */,
				3FA70F032B7B66BE00AF7F4B /* CaleyUITests.xctest */,
			);
			name = Products;
			sourceTree = "<group>";
		};
		3FA70EEA2B7B66BC00AF7F4B /* Caley */ = {
			isa = PBXGroup;
			children = (
				3F5804302B90D595003D1D82 /* ui */,
				3F1E6A7C2B85E75100553D32 /* utils */,
				3F1E6A742B85E69A00553D32 /* Onboarding */,
				3F1E6A5E2B84A2B300553D32 /* Authentication */,
				3F1E6A662B84A35400553D32 /* Home */,
				3FA70EEB2B7B66BC00AF7F4B /* CaleyApp.swift */,
				3F1E6A5F2B84A2BF00553D32 /* AuthModel.swift */,
				3FA70EED2B7B66BC00AF7F4B /* ContentView.swift */,
				3FA70EEF2B7B66BD00AF7F4B /* Assets.xcassets */,
				3FA70EF12B7B66BD00AF7F4B /* Caley.entitlements */,
				3F58043F2B90D624003D1D82 /* emails.json */,
				3FA70EF22B7B66BD00AF7F4B /* Preview Content */,
			);
			path = Caley;
			sourceTree = "<group>";
		};
		3FA70EF22B7B66BD00AF7F4B /* Preview Content */ = {
			isa = PBXGroup;
			children = (
				3FA70EF32B7B66BD00AF7F4B /* Preview Assets.xcassets */,
			);
			path = "Preview Content";
			sourceTree = "<group>";
		};
		3FA70EFC2B7B66BE00AF7F4B /* CaleyTests */ = {
			isa = PBXGroup;
			children = (
				3FA70EFD2B7B66BE00AF7F4B /* CaleyTests.swift */,
			);
			path = CaleyTests;
			sourceTree = "<group>";
		};
		3FA70F062B7B66BE00AF7F4B /* CaleyUITests */ = {
			isa = PBXGroup;
			children = (
				3FA70F072B7B66BE00AF7F4B /* CaleyUITests.swift */,
				3FA70F092B7B66BE00AF7F4B /* CaleyUITestsLaunchTests.swift */,
			);
			path = CaleyUITests;
			sourceTree = "<group>";
		};
/* End PBXGroup section */

/* Begin PBXNativeTarget section */
		3FA70EE72B7B66BC00AF7F4B /* Caley */ = {
			isa = PBXNativeTarget;
			buildConfigurationList = 3FA70F0D2B7B66BE00AF7F4B /* Build configuration list for PBXNativeTarget "Caley" */;
			buildPhases = (
				3FA70EE42B7B66BC00AF7F4B /* Sources */,
				3FA70EE52B7B66BC00AF7F4B /* Frameworks */,
				3FA70EE62B7B66BC00AF7F4B /* Resources */,
			);
			buildRules = (
			);
			dependencies = (
			);
			name = Caley;
			packageProductDependencies = (
			);
			productName = Caley;
			productReference = 3FA70EE82B7B66BC00AF7F4B /* Caley.app */;
			productType = "com.apple.product-type.application";
		};
		3FA70EF82B7B66BE00AF7F4B /* CaleyTests */ = {
			isa = PBXNativeTarget;
			buildConfigurationList = 3FA70F102B7B66BE00AF7F4B /* Build configuration list for PBXNativeTarget "CaleyTests" */;
			buildPhases = (
				3FA70EF52B7B66BE00AF7F4B /* Sources */,
				3FA70EF62B7B66BE00AF7F4B /* Frameworks */,
				3FA70EF72B7B66BE00AF7F4B /* Resources */,
			);
			buildRules = (
			);
			dependencies = (
				3FA70EFB2B7B66BE00AF7F4B /* PBXTargetDependency */,
			);
			name = CaleyTests;
			productName = CaleyTests;
			productReference = 3FA70EF92B7B66BE00AF7F4B /* CaleyTests.xctest */;
			productType = "com.apple.product-type.bundle.unit-test";
		};
		3FA70F022B7B66BE00AF7F4B /* CaleyUITests */ = {
			isa = PBXNativeTarget;
			buildConfigurationList = 3FA70F132B7B66BE00AF7F4B /* Build configuration list for PBXNativeTarget "CaleyUITests" */;
			buildPhases = (
				3FA70EFF2B7B66BE00AF7F4B /* Sources */,
				3FA70F002B7B66BE00AF7F4B /* Frameworks */,
				3FA70F012B7B66BE00AF7F4B /* Resources */,
			);
			buildRules = (
			);
			dependencies = (
				3FA70F052B7B66BE00AF7F4B /* PBXTargetDependency */,
			);
			name = CaleyUITests;
			productName = CaleyUITests;
			productReference = 3FA70F032B7B66BE00AF7F4B /* CaleyUITests.xctest */;
			productType = "com.apple.product-type.bundle.ui-testing";
		};
/* End PBXNativeTarget section */

/* Begin PBXProject section */
		3FA70EE02B7B66BC00AF7F4B /* Project object */ = {
			isa = PBXProject;
			attributes = {
				BuildIndependentTargetsInParallel = 1;
				LastSwiftUpdateCheck = 1520;
				LastUpgradeCheck = 1520;
				TargetAttributes = {
					3FA70EE72B7B66BC00AF7F4B = {
						CreatedOnToolsVersion = 15.2;
					};
					3FA70EF82B7B66BE00AF7F4B = {
						CreatedOnToolsVersion = 15.2;
						TestTargetID = 3FA70EE72B7B66BC00AF7F4B;
					};
					3FA70F022B7B66BE00AF7F4B = {
						CreatedOnToolsVersion = 15.2;
						TestTargetID = 3FA70EE72B7B66BC00AF7F4B;
					};
				};
			};
			buildConfigurationList = 3FA70EE32B7B66BC00AF7F4B /* Build configuration list for PBXProject "Caley" */;
			compatibilityVersion = "Xcode 14.0";
			developmentRegion = en;
			hasScannedForEncodings = 0;
			knownRegions = (
				en,
				Base,
			);
			mainGroup = 3FA70EDF2B7B66BC00AF7F4B;
			packageReferences = (
			);
			productRefGroup = 3FA70EE92B7B66BC00AF7F4B /* Products */;
			projectDirPath = "";
			projectRoot = "";
			targets = (
				3FA70EE72B7B66BC00AF7F4B /* Caley */,
				3FA70EF82B7B66BE00AF7F4B /* CaleyTests */,
				3FA70F022B7B66BE00AF7F4B /* CaleyUITests */,
			);
		};
/* End PBXProject section */

/* Begin PBXResourcesBuildPhase section */
		3FA70EE62B7B66BC00AF7F4B /* Resources */ = {
			isa = PBXResourcesBuildPhase;
			buildActionMask = 2147483647;
			files = (
				3FA70EF42B7B66BD00AF7F4B /* Preview Assets.xcassets in Resources */,
				3FA70EF02B7B66BD00AF7F4B /* Assets.xcassets in Resources */,
				3F5804402B90D624003D1D82 /* emails.json in Resources */,
			);
			runOnlyForDeploymentPostprocessing = 0;
		};
		3FA70EF72B7B66BE00AF7F4B /* Resources */ = {
			isa = PBXResourcesBuildPhase;
			buildActionMask = 2147483647;
			files = (
			);
			runOnlyForDeploymentPostprocessing = 0;
		};
		3FA70F012B7B66BE00AF7F4B /* Resources */ = {
			isa = PBXResourcesBuildPhase;
			buildActionMask = 2147483647;
			files = (
			);
			runOnlyForDeploymentPostprocessing = 0;
		};
/* End PBXResourcesBuildPhase section */

/* Begin PBXSourcesBuildPhase section */
		3FA70EE42B7B66BC00AF7F4B /* Sources */ = {
			isa = PBXSourcesBuildPhase;
			buildActionMask = 2147483647;
			files = (
				3F1E6A6C2B84A3C200553D32 /* TopView.swift in Sources */,
				3FA70EEE2B7B66BC00AF7F4B /* ContentView.swift in Sources */,
				3F1E6A652B84A32100553D32 /* RegisterView.swift in Sources */,
				3F5804492B920227003D1D82 /* Password.swift in Sources */,
				3F1E6A6E2B84A3E100553D32 /* BottomView.swift in Sources */,
				3F5804732B95A2F6003D1D82 /* CardView.swift in Sources */,
				3FA70EEC2B7B66BC00AF7F4B /* CaleyApp.swift in Sources */,
				3F58045C2B9205F3003D1D82 /* ProgressBar.swift in Sources */,
				3F1E6A732B84D0A400553D32 /* ActionModel.swift in Sources */,
				3F5804392B90D5F2003D1D82 /* FooterClosedButtonsView.swift in Sources */,
				3F58043E2B90D5F2003D1D82 /* AlirezaEmailView.swift in Sources */,
				3F1E6A712B84D09A00553D32 /* EmailModel.swift in Sources */,
				3F1E6A6F2B84A45900553D32 /* AuthModel.swift in Sources */,
				3F5804692B959CA5003D1D82 /* Modifiers.swift in Sources */,
				3F1E6A6A2B84A37900553D32 /* MailboxView.swift in Sources */,
				3F58043C2B90D5F2003D1D82 /* JeremyEmailView.swift in Sources */,
				3F58045E2B920617003D1D82 /* AdaptsToKeyboard.swift in Sources */,
				3F58044A2B920227003D1D82 /* FirstName.swift in Sources */,
				3F5804632B926A07003D1D82 /* SplitView.swift in Sources */,
				3F58045B2B9205F3003D1D82 /* Input.swift in Sources */,
				3F58044C2B920227003D1D82 /* EmailView.swift in Sources */,
				3F58043A2B90D5F2003D1D82 /* TitleView.swift in Sources */,
				3F5804652B959C65003D1D82 /* Accessories.swift in Sources */,
				3F5804482B920227003D1D82 /* Success.swift in Sources */,
				3F1E6A632B84A2F300553D32 /* LoginView.swift in Sources */,
				3F58046D2B959CF1003D1D82 /* VerticalSplit.swift in Sources */,
				3F58046B2B959CDB003D1D82 /* SplitDetent.swift in Sources */,
				3F5804712B95A24D003D1D82 /* CardStack.swift in Sources */,
				3F58043B2B90D5F2003D1D82 /* EmailListItemView.swift in Sources */,
				3F1E6A772B85E6CC00553D32 /* OnboardingView.swift in Sources */,
				3F5804382B90D5F2003D1D82 /* FooterView.swift in Sources */,
				3F5804672B959C87003D1D82 /* Helpers.swift in Sources */,
				3F5804592B9205F3003D1D82 /* RoundedButton.swift in Sources */,
				3F58046F2B959D0B003D1D82 /* Wrappers.swift in Sources */,
				3F58044B2B920227003D1D82 /* ConfirmationCode.swift in Sources */,
				3F58043D2B90D5F2003D1D82 /* EmailThreadView.swift in Sources */,
				3F5804472B920227003D1D82 /* LastName.swift in Sources */,
			);
			runOnlyForDeploymentPostprocessing = 0;
		};
		3FA70EF52B7B66BE00AF7F4B /* Sources */ = {
			isa = PBXSourcesBuildPhase;
			buildActionMask = 2147483647;
			files = (
				3FA70EFE2B7B66BE00AF7F4B /* CaleyTests.swift in Sources */,
			);
			runOnlyForDeploymentPostprocessing = 0;
		};
		3FA70EFF2B7B66BE00AF7F4B /* Sources */ = {
			isa = PBXSourcesBuildPhase;
			buildActionMask = 2147483647;
			files = (
				3FA70F082B7B66BE00AF7F4B /* CaleyUITests.swift in Sources */,
				3FA70F0A2B7B66BE00AF7F4B /* CaleyUITestsLaunchTests.swift in Sources */,
			);
			runOnlyForDeploymentPostprocessing = 0;
		};
/* End PBXSourcesBuildPhase section */

/* Begin PBXTargetDependency section */
		3FA70EFB2B7B66BE00AF7F4B /* PBXTargetDependency */ = {
			isa = PBXTargetDependency;
			target = 3FA70EE72B7B66BC00AF7F4B /* Caley */;
			targetProxy = 3FA70EFA2B7B66BE00AF7F4B /* PBXContainerItemProxy */;
		};
		3FA70F052B7B66BE00AF7F4B /* PBXTargetDependency */ = {
			isa = PBXTargetDependency;
			target = 3FA70EE72B7B66BC00AF7F4B /* Caley */;
			targetProxy = 3FA70F042B7B66BE00AF7F4B /* PBXContainerItemProxy */;
		};
/* End PBXTargetDependency section */

/* Begin XCBuildConfiguration section */
		3FA70F0B2B7B66BE00AF7F4B /* Debug */ = {
			isa = XCBuildConfiguration;
			buildSettings = {
				ALWAYS_SEARCH_USER_PATHS = NO;
				ASSETCATALOG_COMPILER_GENERATE_SWIFT_ASSET_SYMBOL_EXTENSIONS = YES;
				CLANG_ANALYZER_NONNULL = YES;
				CLANG_ANALYZER_NUMBER_OBJECT_CONVERSION = YES_AGGRESSIVE;
				CLANG_CXX_LANGUAGE_STANDARD = "gnu++20";
				CLANG_ENABLE_MODULES = YES;
				CLANG_ENABLE_OBJC_ARC = YES;
				CLANG_ENABLE_OBJC_WEAK = YES;
				CLANG_WARN_BLOCK_CAPTURE_AUTORELEASING = YES;
				CLANG_WARN_BOOL_CONVERSION = YES;
				CLANG_WARN_COMMA = YES;
				CLANG_WARN_CONSTANT_CONVERSION = YES;
				CLANG_WARN_DEPRECATED_OBJC_IMPLEMENTATIONS = YES;
				CLANG_WARN_DIRECT_OBJC_ISA_USAGE = YES_ERROR;
				CLANG_WARN_DOCUMENTATION_COMMENTS = YES;
				CLANG_WARN_EMPTY_BODY = YES;
				CLANG_WARN_ENUM_CONVERSION = YES;
				CLANG_WARN_INFINITE_RECURSION = YES;
				CLANG_WARN_INT_CONVERSION = YES;
				CLANG_WARN_NON_LITERAL_NULL_CONVERSION = YES;
				CLANG_WARN_OBJC_IMPLICIT_RETAIN_SELF = YES;
				CLANG_WARN_OBJC_LITERAL_CONVERSION = YES;
				CLANG_WARN_OBJC_ROOT_CLASS = YES_ERROR;
				CLANG_WARN_QUOTED_INCLUDE_IN_FRAMEWORK_HEADER = YES;
				CLANG_WARN_RANGE_LOOP_ANALYSIS = YES;
				CLANG_WARN_STRICT_PROTOTYPES = YES;
				CLANG_WARN_SUSPICIOUS_MOVE = YES;
				CLANG_WARN_UNGUARDED_AVAILABILITY = YES_AGGRESSIVE;
				CLANG_WARN_UNREACHABLE_CODE = YES;
				CLANG_WARN__DUPLICATE_METHOD_MATCH = YES;
				COPY_PHASE_STRIP = NO;
				DEBUG_INFORMATION_FORMAT = dwarf;
				ENABLE_STRICT_OBJC_MSGSEND = YES;
				ENABLE_TESTABILITY = YES;
				ENABLE_USER_SCRIPT_SANDBOXING = YES;
				GCC_C_LANGUAGE_STANDARD = gnu17;
				GCC_DYNAMIC_NO_PIC = NO;
				GCC_NO_COMMON_BLOCKS = YES;
				GCC_OPTIMIZATION_LEVEL = 0;
				GCC_PREPROCESSOR_DEFINITIONS = (
					"DEBUG=1",
					"$(inherited)",
				);
				GCC_WARN_64_TO_32_BIT_CONVERSION = YES;
				GCC_WARN_ABOUT_RETURN_TYPE = YES_ERROR;
				GCC_WARN_UNDECLARED_SELECTOR = YES;
				GCC_WARN_UNINITIALIZED_AUTOS = YES_AGGRESSIVE;
				GCC_WARN_UNUSED_FUNCTION = YES;
				GCC_WARN_UNUSED_VARIABLE = YES;
				LOCALIZATION_PREFERS_STRING_CATALOGS = YES;
				MTL_ENABLE_DEBUG_INFO = INCLUDE_SOURCE;
				MTL_FAST_MATH = YES;
				ONLY_ACTIVE_ARCH = YES;
				SWIFT_ACTIVE_COMPILATION_CONDITIONS = "DEBUG $(inherited)";
				SWIFT_OPTIMIZATION_LEVEL = "-Onone";
			};
			name = Debug;
		};
		3FA70F0C2B7B66BE00AF7F4B /* Release */ = {
			isa = XCBuildConfiguration;
			buildSettings = {
				ALWAYS_SEARCH_USER_PATHS = NO;
				ASSETCATALOG_COMPILER_GENERATE_SWIFT_ASSET_SYMBOL_EXTENSIONS = YES;
				CLANG_ANALYZER_NONNULL = YES;
				CLANG_ANALYZER_NUMBER_OBJECT_CONVERSION = YES_AGGRESSIVE;
				CLANG_CXX_LANGUAGE_STANDARD = "gnu++20";
				CLANG_ENABLE_MODULES = YES;
				CLANG_ENABLE_OBJC_ARC = YES;
				CLANG_ENABLE_OBJC_WEAK = YES;
				CLANG_WARN_BLOCK_CAPTURE_AUTORELEASING = YES;
				CLANG_WARN_BOOL_CONVERSION = YES;
				CLANG_WARN_COMMA = YES;
				CLANG_WARN_CONSTANT_CONVERSION = YES;
				CLANG_WARN_DEPRECATED_OBJC_IMPLEMENTATIONS = YES;
				CLANG_WARN_DIRECT_OBJC_ISA_USAGE = YES_ERROR;
				CLANG_WARN_DOCUMENTATION_COMMENTS = YES;
				CLANG_WARN_EMPTY_BODY = YES;
				CLANG_WARN_ENUM_CONVERSION = YES;
				CLANG_WARN_INFINITE_RECURSION = YES;
				CLANG_WARN_INT_CONVERSION = YES;
				CLANG_WARN_NON_LITERAL_NULL_CONVERSION = YES;
				CLANG_WARN_OBJC_IMPLICIT_RETAIN_SELF = YES;
				CLANG_WARN_OBJC_LITERAL_CONVERSION = YES;
				CLANG_WARN_OBJC_ROOT_CLASS = YES_ERROR;
				CLANG_WARN_QUOTED_INCLUDE_IN_FRAMEWORK_HEADER = YES;
				CLANG_WARN_RANGE_LOOP_ANALYSIS = YES;
				CLANG_WARN_STRICT_PROTOTYPES = YES;
				CLANG_WARN_SUSPICIOUS_MOVE = YES;
				CLANG_WARN_UNGUARDED_AVAILABILITY = YES_AGGRESSIVE;
				CLANG_WARN_UNREACHABLE_CODE = YES;
				CLANG_WARN__DUPLICATE_METHOD_MATCH = YES;
				COPY_PHASE_STRIP = NO;
				DEBUG_INFORMATION_FORMAT = "dwarf-with-dsym";
				ENABLE_NS_ASSERTIONS = NO;
				ENABLE_STRICT_OBJC_MSGSEND = YES;
				ENABLE_USER_SCRIPT_SANDBOXING = YES;
				GCC_C_LANGUAGE_STANDARD = gnu17;
				GCC_NO_COMMON_BLOCKS = YES;
				GCC_WARN_64_TO_32_BIT_CONVERSION = YES;
				GCC_WARN_ABOUT_RETURN_TYPE = YES_ERROR;
				GCC_WARN_UNDECLARED_SELECTOR = YES;
				GCC_WARN_UNINITIALIZED_AUTOS = YES_AGGRESSIVE;
				GCC_WARN_UNUSED_FUNCTION = YES;
				GCC_WARN_UNUSED_VARIABLE = YES;
				LOCALIZATION_PREFERS_STRING_CATALOGS = YES;
				MTL_ENABLE_DEBUG_INFO = NO;
				MTL_FAST_MATH = YES;
				SWIFT_COMPILATION_MODE = wholemodule;
			};
			name = Release;
		};
		3FA70F0E2B7B66BE00AF7F4B /* Debug */ = {
			isa = XCBuildConfiguration;
			buildSettings = {
				ASSETCATALOG_COMPILER_APPICON_NAME = AppIcon;
				ASSETCATALOG_COMPILER_GLOBAL_ACCENT_COLOR_NAME = AccentColor;
				CODE_SIGN_ENTITLEMENTS = Caley/Caley.entitlements;
				CODE_SIGN_STYLE = Automatic;
				CURRENT_PROJECT_VERSION = 1;
				DEVELOPMENT_ASSET_PATHS = "\"Caley/Preview Content\"";
				DEVELOPMENT_TEAM = 4CLLX3Z23B;
				ENABLE_HARDENED_RUNTIME = YES;
				ENABLE_PREVIEWS = YES;
				GENERATE_INFOPLIST_FILE = YES;
				"INFOPLIST_KEY_UIApplicationSceneManifest_Generation[sdk=iphoneos*]" = YES;
				"INFOPLIST_KEY_UIApplicationSceneManifest_Generation[sdk=iphonesimulator*]" = YES;
				"INFOPLIST_KEY_UIApplicationSupportsIndirectInputEvents[sdk=iphoneos*]" = YES;
				"INFOPLIST_KEY_UIApplicationSupportsIndirectInputEvents[sdk=iphonesimulator*]" = YES;
				"INFOPLIST_KEY_UILaunchScreen_Generation[sdk=iphoneos*]" = YES;
				"INFOPLIST_KEY_UILaunchScreen_Generation[sdk=iphonesimulator*]" = YES;
				"INFOPLIST_KEY_UIStatusBarStyle[sdk=iphoneos*]" = UIStatusBarStyleDefault;
				"INFOPLIST_KEY_UIStatusBarStyle[sdk=iphonesimulator*]" = UIStatusBarStyleDefault;
				INFOPLIST_KEY_UISupportedInterfaceOrientations_iPad = "UIInterfaceOrientationPortrait UIInterfaceOrientationPortraitUpsideDown UIInterfaceOrientationLandscapeLeft UIInterfaceOrientationLandscapeRight";
				INFOPLIST_KEY_UISupportedInterfaceOrientations_iPhone = "UIInterfaceOrientationPortrait UIInterfaceOrientationLandscapeLeft UIInterfaceOrientationLandscapeRight";
				IPHONEOS_DEPLOYMENT_TARGET = 17.2;
				LD_RUNPATH_SEARCH_PATHS = "@executable_path/Frameworks";
				"LD_RUNPATH_SEARCH_PATHS[sdk=macosx*]" = "@executable_path/../Frameworks";
				MACOSX_DEPLOYMENT_TARGET = 14.2;
				MARKETING_VERSION = 1.0;
				PRODUCT_BUNDLE_IDENTIFIER = io.caley.Caley;
				PRODUCT_NAME = "$(TARGET_NAME)";
				SDKROOT = auto;
				SUPPORTED_PLATFORMS = "iphoneos iphonesimulator macosx";
				SWIFT_EMIT_LOC_STRINGS = YES;
				SWIFT_VERSION = 5.0;
				TARGETED_DEVICE_FAMILY = "1,2";
			};
			name = Debug;
		};
		3FA70F0F2B7B66BE00AF7F4B /* Release */ = {
			isa = XCBuildConfiguration;
			buildSettings = {
				ASSETCATALOG_COMPILER_APPICON_NAME = AppIcon;
				ASSETCATALOG_COMPILER_GLOBAL_ACCENT_COLOR_NAME = AccentColor;
				CODE_SIGN_ENTITLEMENTS = Caley/Caley.entitlements;
				CODE_SIGN_STYLE = Automatic;
				CURRENT_PROJECT_VERSION = 1;
				DEVELOPMENT_ASSET_PATHS = "\"Caley/Preview Content\"";
				DEVELOPMENT_TEAM = 4CLLX3Z23B;
				ENABLE_HARDENED_RUNTIME = YES;
				ENABLE_PREVIEWS = YES;
				GENERATE_INFOPLIST_FILE = YES;
				"INFOPLIST_KEY_UIApplicationSceneManifest_Generation[sdk=iphoneos*]" = YES;
				"INFOPLIST_KEY_UIApplicationSceneManifest_Generation[sdk=iphonesimulator*]" = YES;
				"INFOPLIST_KEY_UIApplicationSupportsIndirectInputEvents[sdk=iphoneos*]" = YES;
				"INFOPLIST_KEY_UIApplicationSupportsIndirectInputEvents[sdk=iphonesimulator*]" = YES;
				"INFOPLIST_KEY_UILaunchScreen_Generation[sdk=iphoneos*]" = YES;
				"INFOPLIST_KEY_UILaunchScreen_Generation[sdk=iphonesimulator*]" = YES;
				"INFOPLIST_KEY_UIStatusBarStyle[sdk=iphoneos*]" = UIStatusBarStyleDefault;
				"INFOPLIST_KEY_UIStatusBarStyle[sdk=iphonesimulator*]" = UIStatusBarStyleDefault;
				INFOPLIST_KEY_UISupportedInterfaceOrientations_iPad = "UIInterfaceOrientationPortrait UIInterfaceOrientationPortraitUpsideDown UIInterfaceOrientationLandscapeLeft UIInterfaceOrientationLandscapeRight";
				INFOPLIST_KEY_UISupportedInterfaceOrientations_iPhone = "UIInterfaceOrientationPortrait UIInterfaceOrientationLandscapeLeft UIInterfaceOrientationLandscapeRight";
				IPHONEOS_DEPLOYMENT_TARGET = 17.2;
				LD_RUNPATH_SEARCH_PATHS = "@executable_path/Frameworks";
				"LD_RUNPATH_SEARCH_PATHS[sdk=macosx*]" = "@executable_path/../Frameworks";
				MACOSX_DEPLOYMENT_TARGET = 14.2;
				MARKETING_VERSION = 1.0;
				PRODUCT_BUNDLE_IDENTIFIER = io.caley.Caley;
				PRODUCT_NAME = "$(TARGET_NAME)";
				SDKROOT = auto;
				SUPPORTED_PLATFORMS = "iphoneos iphonesimulator macosx";
				SWIFT_EMIT_LOC_STRINGS = YES;
				SWIFT_VERSION = 5.0;
				TARGETED_DEVICE_FAMILY = "1,2";
			};
			name = Release;
		};
		3FA70F112B7B66BE00AF7F4B /* Debug */ = {
			isa = XCBuildConfiguration;
			buildSettings = {
				ALWAYS_EMBED_SWIFT_STANDARD_LIBRARIES = YES;
				BUNDLE_LOADER = "$(TEST_HOST)";
				CODE_SIGN_STYLE = Automatic;
				CURRENT_PROJECT_VERSION = 1;
				DEVELOPMENT_TEAM = 4CLLX3Z23B;
				GENERATE_INFOPLIST_FILE = YES;
				IPHONEOS_DEPLOYMENT_TARGET = 17.2;
				MACOSX_DEPLOYMENT_TARGET = 14.2;
				MARKETING_VERSION = 1.0;
				PRODUCT_BUNDLE_IDENTIFIER = io.caley.CaleyTests;
				PRODUCT_NAME = "$(TARGET_NAME)";
				SDKROOT = auto;
				SUPPORTED_PLATFORMS = "iphoneos iphonesimulator macosx";
				SWIFT_EMIT_LOC_STRINGS = NO;
				SWIFT_VERSION = 5.0;
				TARGETED_DEVICE_FAMILY = "1,2";
				TEST_HOST = "$(BUILT_PRODUCTS_DIR)/Caley.app/$(BUNDLE_EXECUTABLE_FOLDER_PATH)/Caley";
			};
			name = Debug;
		};
		3FA70F122B7B66BE00AF7F4B /* Release */ = {
			isa = XCBuildConfiguration;
			buildSettings = {
				ALWAYS_EMBED_SWIFT_STANDARD_LIBRARIES = YES;
				BUNDLE_LOADER = "$(TEST_HOST)";
				CODE_SIGN_STYLE = Automatic;
				CURRENT_PROJECT_VERSION = 1;
				DEVELOPMENT_TEAM = 4CLLX3Z23B;
				GENERATE_INFOPLIST_FILE = YES;
				IPHONEOS_DEPLOYMENT_TARGET = 17.2;
				MACOSX_DEPLOYMENT_TARGET = 14.2;
				MARKETING_VERSION = 1.0;
				PRODUCT_BUNDLE_IDENTIFIER = io.caley.CaleyTests;
				PRODUCT_NAME = "$(TARGET_NAME)";
				SDKROOT = auto;
				SUPPORTED_PLATFORMS = "iphoneos iphonesimulator macosx";
				SWIFT_EMIT_LOC_STRINGS = NO;
				SWIFT_VERSION = 5.0;
				TARGETED_DEVICE_FAMILY = "1,2";
				TEST_HOST = "$(BUILT_PRODUCTS_DIR)/Caley.app/$(BUNDLE_EXECUTABLE_FOLDER_PATH)/Caley";
			};
			name = Release;
		};
		3FA70F142B7B66BE00AF7F4B /* Debug */ = {
			isa = XCBuildConfiguration;
			buildSettings = {
				ALWAYS_EMBED_SWIFT_STANDARD_LIBRARIES = YES;
				CODE_SIGN_STYLE = Automatic;
				CURRENT_PROJECT_VERSION = 1;
				DEVELOPMENT_TEAM = 4CLLX3Z23B;
				GENERATE_INFOPLIST_FILE = YES;
				IPHONEOS_DEPLOYMENT_TARGET = 17.2;
				MACOSX_DEPLOYMENT_TARGET = 14.2;
				MARKETING_VERSION = 1.0;
				PRODUCT_BUNDLE_IDENTIFIER = io.caley.CaleyUITests;
				PRODUCT_NAME = "$(TARGET_NAME)";
				SDKROOT = auto;
				SUPPORTED_PLATFORMS = "iphoneos iphonesimulator macosx";
				SWIFT_EMIT_LOC_STRINGS = NO;
				SWIFT_VERSION = 5.0;
				TARGETED_DEVICE_FAMILY = "1,2";
				TEST_TARGET_NAME = Caley;
			};
			name = Debug;
		};
		3FA70F152B7B66BE00AF7F4B /* Release */ = {
			isa = XCBuildConfiguration;
			buildSettings = {
				ALWAYS_EMBED_SWIFT_STANDARD_LIBRARIES = YES;
				CODE_SIGN_STYLE = Automatic;
				CURRENT_PROJECT_VERSION = 1;
				DEVELOPMENT_TEAM = 4CLLX3Z23B;
				GENERATE_INFOPLIST_FILE = YES;
				IPHONEOS_DEPLOYMENT_TARGET = 17.2;
				MACOSX_DEPLOYMENT_TARGET = 14.2;
				MARKETING_VERSION = 1.0;
				PRODUCT_BUNDLE_IDENTIFIER = io.caley.CaleyUITests;
				PRODUCT_NAME = "$(TARGET_NAME)";
				SDKROOT = auto;
				SUPPORTED_PLATFORMS = "iphoneos iphonesimulator macosx";
				SWIFT_EMIT_LOC_STRINGS = NO;
				SWIFT_VERSION = 5.0;
				TARGETED_DEVICE_FAMILY = "1,2";
				TEST_TARGET_NAME = Caley;
			};
			name = Release;
		};
/* End XCBuildConfiguration section */

/* Begin XCConfigurationList section */
		3FA70EE32B7B66BC00AF7F4B /* Build configuration list for PBXProject "Caley" */ = {
			isa = XCConfigurationList;
			buildConfigurations = (
				3FA70F0B2B7B66BE00AF7F4B /* Debug */,
				3FA70F0C2B7B66BE00AF7F4B /* Release */,
			);
			defaultConfigurationIsVisible = 0;
			defaultConfigurationName = Release;
		};
		3FA70F0D2B7B66BE00AF7F4B /* Build configuration list for PBXNativeTarget "Caley" */ = {
			isa = XCConfigurationList;
			buildConfigurations = (
				3FA70F0E2B7B66BE00AF7F4B /* Debug */,
				3FA70F0F2B7B66BE00AF7F4B /* Release */,
			);
			defaultConfigurationIsVisible = 0;
			defaultConfigurationName = Release;
		};
		3FA70F102B7B66BE00AF7F4B /* Build configuration list for PBXNativeTarget "CaleyTests" */ = {
			isa = XCConfigurationList;
			buildConfigurations = (
				3FA70F112B7B66BE00AF7F4B /* Debug */,
				3FA70F122B7B66BE00AF7F4B /* Release */,
			);
			defaultConfigurationIsVisible = 0;
			defaultConfigurationName = Release;
		};
		3FA70F132B7B66BE00AF7F4B /* Build configuration list for PBXNativeTarget "CaleyUITests" */ = {
			isa = XCConfigurationList;
			buildConfigurations = (
				3FA70F142B7B66BE00AF7F4B /* Debug */,
				3FA70F152B7B66BE00AF7F4B /* Release */,
			);
			defaultConfigurationIsVisible = 0;
			defaultConfigurationName = Release;
		};
/* End XCConfigurationList section */
	};
	rootObject = 3FA70EE02B7B66BC00AF7F4B /* Project object */;
}
